
Microsoft Visual Studio Solution File, Format Version 12.00
Project("{FAE04EC0-301F-11D3-BF4B-00C04F79EFBC}") = "auth-API", "auth-API\auth-API.csproj", "{79942FD0-4BBB-43EC-B5EF-697E8C85A258}"
EndProject
Global
	GlobalSection(SolutionConfigurationPlatforms) = preSolution
		Debug|Any CPU = Debug|Any CPU
		Release|Any CPU = Release|Any CPU
	EndGlobalSection
	GlobalSection(ProjectConfigurationPlatforms) = postSolution
		{79942FD0-4BBB-43EC-B5EF-697E8C85A258}.Debug|Any CPU.ActiveCfg = Debug|Any CPU
		{79942FD0-4BBB-43EC-B5EF-697E8C85A258}.Debug|Any CPU.Build.0 = Debug|Any CPU
		{79942FD0-4BBB-43EC-B5EF-697E8C85A258}.Release|Any CPU.ActiveCfg = Release|Any CPU
		{79942FD0-4BBB-43EC-B5EF-697E8C85A258}.Release|Any CPU.Build.0 = Release|Any CPU
	EndGlobalSection
EndGlobal
